// !$*UTF8*$!
{
	archiveVersion = 1;
	classes = {
	};
	objectVersion = 50;
	objects = {

/* Begin PBXBuildFile section */
		C904320921E871A300B99942 /* Main.storyboard in Resources */ = {isa = PBXBuildFile; fileRef = C904320721E871A300B99942 /* Main.storyboard */; };
		C904320B21E871A500B99942 /* Assets.xcassets in Resources */ = {isa = PBXBuildFile; fileRef = C904320A21E871A500B99942 /* Assets.xcassets */; };
		C904320E21E871A500B99942 /* LaunchScreen.storyboard in Resources */ = {isa = PBXBuildFile; fileRef = C904320C21E871A500B99942 /* LaunchScreen.storyboard */; };
		C904322121E88F3B00B99942 /* CoreEnum.swift in Sources */ = {isa = PBXBuildFile; fileRef = C904321621E88F3700B99942 /* CoreEnum.swift */; };
		C904322221E88F3B00B99942 /* CoreFilesConfig.swift in Sources */ = {isa = PBXBuildFile; fileRef = C904321721E88F3800B99942 /* CoreFilesConfig.swift */; };
		C904322321E88F3B00B99942 /* CoreKit+UIImage.swift in Sources */ = {isa = PBXBuildFile; fileRef = C904321921E88F3800B99942 /* CoreKit+UIImage.swift */; };
		C904322421E88F3B00B99942 /* CoreKit.swift in Sources */ = {isa = PBXBuildFile; fileRef = C904321A21E88F3900B99942 /* CoreKit.swift */; };
		C904322521E88F3B00B99942 /* CoreMediaSelector.swift in Sources */ = {isa = PBXBuildFile; fileRef = C904321B21E88F3900B99942 /* CoreMediaSelector.swift */; };
		C904322621E88F3B00B99942 /* CoreDocumentPicker.swift in Sources */ = {isa = PBXBuildFile; fileRef = C904321C21E88F3A00B99942 /* CoreDocumentPicker.swift */; };
		C904322721E88F3B00B99942 /* LoggerEnum.swift in Sources */ = {isa = PBXBuildFile; fileRef = C904321E21E88F3B00B99942 /* LoggerEnum.swift */; };
		C904322821E88F3B00B99942 /* CoreLogger.swift in Sources */ = {isa = PBXBuildFile; fileRef = C904321F21E88F3B00B99942 /* CoreLogger.swift */; };
		C904322921E88F3B00B99942 /* LoggerConfig.swift in Sources */ = {isa = PBXBuildFile; fileRef = C904322021E88F3B00B99942 /* LoggerConfig.swift */; };
		C904323221E8948A00B99942 /* LICENSE in Resources */ = {isa = PBXBuildFile; fileRef = C904322F21E8948A00B99942 /* LICENSE */; };
		C904323321E8948A00B99942 /* README.md in Resources */ = {isa = PBXBuildFile; fileRef = C904323021E8948A00B99942 /* README.md */; };
		C904323421E8948A00B99942 /* CoreKit.podspec in Resources */ = {isa = PBXBuildFile; fileRef = C904323121E8948A00B99942 /* CoreKit.podspec */; };
/* End PBXBuildFile section */

/* Begin PBXFileReference section */
		C904320021E871A300B99942 /* CoreKit.app */ = {isa = PBXFileReference; explicitFileType = wrapper.application; includeInIndex = 0; path = CoreKit.app; sourceTree = BUILT_PRODUCTS_DIR; };
		C904320821E871A300B99942 /* Base */ = {isa = PBXFileReference; lastKnownFileType = file.storyboard; name = Base; path = Base.lproj/Main.storyboard; sourceTree = "<group>"; };
		C904320A21E871A500B99942 /* Assets.xcassets */ = {isa = PBXFileReference; lastKnownFileType = folder.assetcatalog; path = Assets.xcassets; sourceTree = "<group>"; };
		C904320D21E871A500B99942 /* Base */ = {isa = PBXFileReference; lastKnownFileType = file.storyboard; name = Base; path = Base.lproj/LaunchScreen.storyboard; sourceTree = "<group>"; };
		C904320F21E871A500B99942 /* Info.plist */ = {isa = PBXFileReference; lastKnownFileType = text.plist.xml; path = Info.plist; sourceTree = "<group>"; };
		C904321521E88F3600B99942 /* CoreKit-Bridging-Header.h */ = {isa = PBXFileReference; lastKnownFileType = sourcecode.c.h; path = "CoreKit-Bridging-Header.h"; sourceTree = "<group>"; };
		C904321621E88F3700B99942 /* CoreEnum.swift */ = {isa = PBXFileReference; fileEncoding = 4; lastKnownFileType = sourcecode.swift; path = CoreEnum.swift; sourceTree = "<group>"; };
		C904321721E88F3800B99942 /* CoreFilesConfig.swift */ = {isa = PBXFileReference; fileEncoding = 4; lastKnownFileType = sourcecode.swift; path = CoreFilesConfig.swift; sourceTree = "<group>"; };
		C904321921E88F3800B99942 /* CoreKit+UIImage.swift */ = {isa = PBXFileReference; fileEncoding = 4; lastKnownFileType = sourcecode.swift; path = "CoreKit+UIImage.swift"; sourceTree = "<group>"; };
		C904321A21E88F3900B99942 /* CoreKit.swift */ = {isa = PBXFileReference; fileEncoding = 4; lastKnownFileType = sourcecode.swift; path = CoreKit.swift; sourceTree = "<group>"; };
		C904321B21E88F3900B99942 /* CoreMediaSelector.swift */ = {isa = PBXFileReference; fileEncoding = 4; lastKnownFileType = sourcecode.swift; path = CoreMediaSelector.swift; sourceTree = "<group>"; };
		C904321C21E88F3A00B99942 /* CoreDocumentPicker.swift */ = {isa = PBXFileReference; fileEncoding = 4; lastKnownFileType = sourcecode.swift; path = CoreDocumentPicker.swift; sourceTree = "<group>"; };
		C904321E21E88F3B00B99942 /* LoggerEnum.swift */ = {isa = PBXFileReference; fileEncoding = 4; lastKnownFileType = sourcecode.swift; path = LoggerEnum.swift; sourceTree = "<group>"; };
		C904321F21E88F3B00B99942 /* CoreLogger.swift */ = {isa = PBXFileReference; fileEncoding = 4; lastKnownFileType = sourcecode.swift; path = CoreLogger.swift; sourceTree = "<group>"; };
		C904322021E88F3B00B99942 /* LoggerConfig.swift */ = {isa = PBXFileReference; fileEncoding = 4; lastKnownFileType = sourcecode.swift; path = LoggerConfig.swift; sourceTree = "<group>"; };
		C904322F21E8948A00B99942 /* LICENSE */ = {isa = PBXFileReference; fileEncoding = 4; lastKnownFileType = text; path = LICENSE; sourceTree = "<group>"; };
		C904323021E8948A00B99942 /* README.md */ = {isa = PBXFileReference; fileEncoding = 4; lastKnownFileType = net.daringfireball.markdown; path = README.md; sourceTree = "<group>"; };
		C904323121E8948A00B99942 /* CoreKit.podspec */ = {isa = PBXFileReference; fileEncoding = 4; lastKnownFileType = text; path = CoreKit.podspec; sourceTree = "<group>"; };
/* End PBXFileReference section */

/* Begin PBXFrameworksBuildPhase section */
		C90431FD21E871A300B99942 /* Frameworks */ = {
			isa = PBXFrameworksBuildPhase;
			buildActionMask = 2147483647;
			files = (
			);
			runOnlyForDeploymentPostprocessing = 0;
		};
/* End PBXFrameworksBuildPhase section */

/* Begin PBXGroup section */
		C90431F721E871A300B99942 = {
			isa = PBXGroup;
			children = (
				C904323121E8948A00B99942 /* CoreKit.podspec */,
				C904322F21E8948A00B99942 /* LICENSE */,
				C904323021E8948A00B99942 /* README.md */,
				C904320221E871A300B99942 /* CoreKit */,
				C904320121E871A300B99942 /* Products */,
			);
			sourceTree = "<group>";
		};
		C904320121E871A300B99942 /* Products */ = {
			isa = PBXGroup;
			children = (
				C904320021E871A300B99942 /* CoreKit.app */,
			);
			name = Products;
			sourceTree = "<group>";
		};
		C904320221E871A300B99942 /* CoreKit */ = {
			isa = PBXGroup;
			children = (
				C904321C21E88F3A00B99942 /* CoreDocumentPicker.swift */,
				C904321621E88F3700B99942 /* CoreEnum.swift */,
				C904321721E88F3800B99942 /* CoreFilesConfig.swift */,
				C904321A21E88F3900B99942 /* CoreKit.swift */,
				C904321821E88F3800B99942 /* CoreKit+Extension */,
				C904321D21E88F3B00B99942 /* CoreLogger */,
				C904321B21E88F3900B99942 /* CoreMediaSelector.swift */,
				C904320721E871A300B99942 /* Main.storyboard */,
				C904320A21E871A500B99942 /* Assets.xcassets */,
				C904320C21E871A500B99942 /* LaunchScreen.storyboard */,
				C904320F21E871A500B99942 /* Info.plist */,
				C904321521E88F3600B99942 /* CoreKit-Bridging-Header.h */,
			);
			path = CoreKit;
			sourceTree = "<group>";
		};
		C904321821E88F3800B99942 /* CoreKit+Extension */ = {
			isa = PBXGroup;
			children = (
				C904321921E88F3800B99942 /* CoreKit+UIImage.swift */,
			);
			path = "CoreKit+Extension";
			sourceTree = "<group>";
		};
		C904321D21E88F3B00B99942 /* CoreLogger */ = {
			isa = PBXGroup;
			children = (
				C904321E21E88F3B00B99942 /* LoggerEnum.swift */,
				C904321F21E88F3B00B99942 /* CoreLogger.swift */,
				C904322021E88F3B00B99942 /* LoggerConfig.swift */,
			);
			path = CoreLogger;
			sourceTree = "<group>";
		};
/* End PBXGroup section */

/* Begin PBXNativeTarget section */
		C90431FF21E871A300B99942 /* CoreKit */ = {
			isa = PBXNativeTarget;
			buildConfigurationList = C904321221E871A500B99942 /* Build configuration list for PBXNativeTarget "CoreKit" */;
			buildPhases = (
				C90431FC21E871A300B99942 /* Sources */,
				C90431FD21E871A300B99942 /* Frameworks */,
				C90431FE21E871A300B99942 /* Resources */,
			);
			buildRules = (
			);
			dependencies = (
			);
			name = CoreKit;
			productName = CoreKit;
			productReference = C904320021E871A300B99942 /* CoreKit.app */;
			productType = "com.apple.product-type.application";
		};
/* End PBXNativeTarget section */

/* Begin PBXProject section */
		C90431F821E871A300B99942 /* Project object */ = {
			isa = PBXProject;
			attributes = {
				LastSwiftUpdateCheck = 1010;
				LastUpgradeCheck = 1010;
				ORGANIZATIONNAME = Vishal;
				TargetAttributes = {
					C90431FF21E871A300B99942 = {
						CreatedOnToolsVersion = 10.1;
						LastSwiftMigration = 1010;
					};
				};
			};
			buildConfigurationList = C90431FB21E871A300B99942 /* Build configuration list for PBXProject "CoreKit" */;
			compatibilityVersion = "Xcode 9.3";
			developmentRegion = en;
			hasScannedForEncodings = 0;
			knownRegions = (
				en,
				Base,
			);
			mainGroup = C90431F721E871A300B99942;
			productRefGroup = C904320121E871A300B99942 /* Products */;
			projectDirPath = "";
			projectRoot = "";
			targets = (
				C90431FF21E871A300B99942 /* CoreKit */,
			);
		};
/* End PBXProject section */

/* Begin PBXResourcesBuildPhase section */
		C90431FE21E871A300B99942 /* Resources */ = {
			isa = PBXResourcesBuildPhase;
			buildActionMask = 2147483647;
			files = (
				C904323421E8948A00B99942 /* CoreKit.podspec in Resources */,
				C904320E21E871A500B99942 /* LaunchScreen.storyboard in Resources */,
				C904320B21E871A500B99942 /* Assets.xcassets in Resources */,
				C904323321E8948A00B99942 /* README.md in Resources */,
				C904323221E8948A00B99942 /* LICENSE in Resources */,
				C904320921E871A300B99942 /* Main.storyboard in Resources */,
			);
			runOnlyForDeploymentPostprocessing = 0;
		};
/* End PBXResourcesBuildPhase section */

/* Begin PBXSourcesBuildPhase section */
		C90431FC21E871A300B99942 /* Sources */ = {
			isa = PBXSourcesBuildPhase;
			buildActionMask = 2147483647;
			files = (
				C904322521E88F3B00B99942 /* CoreMediaSelector.swift in Sources */,
				C904322721E88F3B00B99942 /* LoggerEnum.swift in Sources */,
				C904322621E88F3B00B99942 /* CoreDocumentPicker.swift in Sources */,
				C904322221E88F3B00B99942 /* CoreFilesConfig.swift in Sources */,
				C904322821E88F3B00B99942 /* CoreLogger.swift in Sources */,
				C904322921E88F3B00B99942 /* LoggerConfig.swift in Sources */,
				C904322421E88F3B00B99942 /* CoreKit.swift in Sources */,
				C904322321E88F3B00B99942 /* CoreKit+UIImage.swift in Sources */,
				C904322121E88F3B00B99942 /* CoreEnum.swift in Sources */,
			);
			runOnlyForDeploymentPostprocessing = 0;
		};
/* End PBXSourcesBuildPhase section */

/* Begin PBXVariantGroup section */
		C904320721E871A300B99942 /* Main.storyboard */ = {
			isa = PBXVariantGroup;
			children = (
				C904320821E871A300B99942 /* Base */,
			);
			name = Main.storyboard;
			sourceTree = "<group>";
		};
		C904320C21E871A500B99942 /* LaunchScreen.storyboard */ = {
			isa = PBXVariantGroup;
			children = (
				C904320D21E871A500B99942 /* Base */,
			);
			name = LaunchScreen.storyboard;
			sourceTree = "<group>";
		};
/* End PBXVariantGroup section */

/* Begin XCBuildConfiguration section */
		C904321021E871A500B99942 /* Debug */ = {
			isa = XCBuildConfiguration;
			buildSettings = {
				ALWAYS_SEARCH_USER_PATHS = NO;
				CLANG_ANALYZER_NONNULL = YES;
				CLANG_ANALYZER_NUMBER_OBJECT_CONVERSION = YES_AGGRESSIVE;
				CLANG_CXX_LANGUAGE_STANDARD = "gnu++14";
				CLANG_CXX_LIBRARY = "libc++";
				CLANG_ENABLE_MODULES = YES;
				CLANG_ENABLE_OBJC_ARC = YES;
				CLANG_ENABLE_OBJC_WEAK = YES;
				CLANG_WARN_BLOCK_CAPTURE_AUTORELEASING = YES;
				CLANG_WARN_BOOL_CONVERSION = YES;
				CLANG_WARN_COMMA = YES;
				CLANG_WARN_CONSTANT_CONVERSION = YES;
				CLANG_WARN_DEPRECATED_OBJC_IMPLEMENTATIONS = YES;
				CLANG_WARN_DIRECT_OBJC_ISA_USAGE = YES_ERROR;
				CLANG_WARN_DOCUMENTATION_COMMENTS = YES;
				CLANG_WARN_EMPTY_BODY = YES;
				CLANG_WARN_ENUM_CONVERSION = YES;
				CLANG_WARN_INFINITE_RECURSION = YES;
				CLANG_WARN_INT_CONVERSION = YES;
				CLANG_WARN_NON_LITERAL_NULL_CONVERSION = YES;
				CLANG_WARN_OBJC_IMPLICIT_RETAIN_SELF = YES;
				CLANG_WARN_OBJC_LITERAL_CONVERSION = YES;
				CLANG_WARN_OBJC_ROOT_CLASS = YES_ERROR;
				CLANG_WARN_RANGE_LOOP_ANALYSIS = YES;
				CLANG_WARN_STRICT_PROTOTYPES = YES;
				CLANG_WARN_SUSPICIOUS_MOVE = YES;
				CLANG_WARN_UNGUARDED_AVAILABILITY = YES_AGGRESSIVE;
				CLANG_WARN_UNREACHABLE_CODE = YES;
				CLANG_WARN__DUPLICATE_METHOD_MATCH = YES;
				CODE_SIGN_IDENTITY = "iPhone Developer";
				COPY_PHASE_STRIP = NO;
				DEBUG_INFORMATION_FORMAT = dwarf;
				ENABLE_STRICT_OBJC_MSGSEND = YES;
				ENABLE_TESTABILITY = YES;
				GCC_C_LANGUAGE_STANDARD = gnu11;
				GCC_DYNAMIC_NO_PIC = NO;
				GCC_NO_COMMON_BLOCKS = YES;
				GCC_OPTIMIZATION_LEVEL = 0;
				GCC_PREPROCESSOR_DEFINITIONS = (
					"DEBUG=1",
					"$(inherited)",
				);
				GCC_WARN_64_TO_32_BIT_CONVERSION = YES;
				GCC_WARN_ABOUT_RETURN_TYPE = YES_ERROR;
				GCC_WARN_UNDECLARED_SELECTOR = YES;
				GCC_WARN_UNINITIALIZED_AUTOS = YES_AGGRESSIVE;
				GCC_WARN_UNUSED_FUNCTION = YES;
				GCC_WARN_UNUSED_VARIABLE = YES;
				IPHONEOS_DEPLOYMENT_TARGET = 12.1;
				MTL_ENABLE_DEBUG_INFO = INCLUDE_SOURCE;
				MTL_FAST_MATH = YES;
				ONLY_ACTIVE_ARCH = YES;
				SDKROOT = iphoneos;
				SWIFT_ACTIVE_COMPILATION_CONDITIONS = DEBUG;
				SWIFT_OPTIMIZATION_LEVEL = "-Onone";
			};
			name = Debug;
		};
		C904321121E871A500B99942 /* Release */ = {
			isa = XCBuildConfiguration;
			buildSettings = {
				ALWAYS_SEARCH_USER_PATHS = NO;
				CLANG_ANALYZER_NONNULL = YES;
				CLANG_ANALYZER_NUMBER_OBJECT_CONVERSION = YES_AGGRESSIVE;
				CLANG_CXX_LANGUAGE_STANDARD = "gnu++14";
				CLANG_CXX_LIBRARY = "libc++";
				CLANG_ENABLE_MODULES = YES;
				CLANG_ENABLE_OBJC_ARC = YES;
				CLANG_ENABLE_OBJC_WEAK = YES;
				CLANG_WARN_BLOCK_CAPTURE_AUTORELEASING = YES;
				CLANG_WARN_BOOL_CONVERSION = YES;
				CLANG_WARN_COMMA = YES;
				CLANG_WARN_CONSTANT_CONVERSION = YES;
				CLANG_WARN_DEPRECATED_OBJC_IMPLEMENTATIONS = YES;
				CLANG_WARN_DIRECT_OBJC_ISA_USAGE = YES_ERROR;
				CLANG_WARN_DOCUMENTATION_COMMENTS = YES;
				CLANG_WARN_EMPTY_BODY = YES;
				CLANG_WARN_ENUM_CONVERSION = YES;
				CLANG_WARN_INFINITE_RECURSION = YES;
				CLANG_WARN_INT_CONVERSION = YES;
				CLANG_WARN_NON_LITERAL_NULL_CONVERSION = YES;
				CLANG_WARN_OBJC_IMPLICIT_RETAIN_SELF = YES;
				CLANG_WARN_OBJC_LITERAL_CONVERSION = YES;
				CLANG_WARN_OBJC_ROOT_CLASS = YES_ERROR;
				CLANG_WARN_RANGE_LOOP_ANALYSIS = YES;
				CLANG_WARN_STRICT_PROTOTYPES = YES;
				CLANG_WARN_SUSPICIOUS_MOVE = YES;
				CLANG_WARN_UNGUARDED_AVAILABILITY = YES_AGGRESSIVE;
				CLANG_WARN_UNREACHABLE_CODE = YES;
				CLANG_WARN__DUPLICATE_METHOD_MATCH = YES;
				CODE_SIGN_IDENTITY = "iPhone Developer";
				COPY_PHASE_STRIP = NO;
				DEBUG_INFORMATION_FORMAT = "dwarf-with-dsym";
				ENABLE_NS_ASSERTIONS = NO;
				ENABLE_STRICT_OBJC_MSGSEND = YES;
				GCC_C_LANGUAGE_STANDARD = gnu11;
				GCC_NO_COMMON_BLOCKS = YES;
				GCC_WARN_64_TO_32_BIT_CONVERSION = YES;
				GCC_WARN_ABOUT_RETURN_TYPE = YES_ERROR;
				GCC_WARN_UNDECLARED_SELECTOR = YES;
				GCC_WARN_UNINITIALIZED_AUTOS = YES_AGGRESSIVE;
				GCC_WARN_UNUSED_FUNCTION = YES;
				GCC_WARN_UNUSED_VARIABLE = YES;
				IPHONEOS_DEPLOYMENT_TARGET = 12.1;
				MTL_ENABLE_DEBUG_INFO = NO;
				MTL_FAST_MATH = YES;
				SDKROOT = iphoneos;
				SWIFT_COMPILATION_MODE = wholemodule;
				SWIFT_OPTIMIZATION_LEVEL = "-O";
				VALIDATE_PRODUCT = YES;
			};
			name = Release;
		};
		C904321321E871A500B99942 /* Debug */ = {
			isa = XCBuildConfiguration;
			buildSettings = {
				ASSETCATALOG_COMPILER_APPICON_NAME = AppIcon;
				CLANG_ENABLE_MODULES = YES;
				CODE_SIGN_STYLE = Automatic;
				INFOPLIST_FILE = CoreKit/Info.plist;
				IPHONEOS_DEPLOYMENT_TARGET = 8.0;
				LD_RUNPATH_SEARCH_PATHS = (
					"$(inherited)",
					"@executable_path/Frameworks",
				);
				PRODUCT_BUNDLE_IDENTIFIER = Vishal.CoreKit;
				PRODUCT_NAME = "$(TARGET_NAME)";
				SWIFT_OBJC_BRIDGING_HEADER = "CoreKit/CoreKit-Bridging-Header.h";
				SWIFT_OPTIMIZATION_LEVEL = "-Onone";
				SWIFT_VERSION = 4.2;
				TARGETED_DEVICE_FAMILY = "1,2";
			};
			name = Debug;
		};
		C904321421E871A500B99942 /* Release */ = {
			isa = XCBuildConfiguration;
			buildSettings = {
				ASSETCATALOG_COMPILER_APPICON_NAME = AppIcon;
				CLANG_ENABLE_MODULES = YES;
				CODE_SIGN_STYLE = Automatic;
				INFOPLIST_FILE = CoreKit/Info.plist;
				IPHONEOS_DEPLOYMENT_TARGET = 8.0;
				LD_RUNPATH_SEARCH_PATHS = (
					"$(inherited)",
					"@executable_path/Frameworks",
				);
				PRODUCT_BUNDLE_IDENTIFIER = Vishal.CoreKit;
				PRODUCT_NAME = "$(TARGET_NAME)";
				SWIFT_OBJC_BRIDGING_HEADER = "CoreKit/CoreKit-Bridging-Header.h";
				SWIFT_VERSION = 4.2;
				TARGETED_DEVICE_FAMILY = "1,2";
			};
			name = Release;
		};
/* End XCBuildConfiguration section */

/* Begin XCConfigurationList section */
		C90431FB21E871A300B99942 /* Build configuration list for PBXProject "CoreKit" */ = {
			isa = XCConfigurationList;
			buildConfigurations = (
				C904321021E871A500B99942 /* Debug */,
				C904321121E871A500B99942 /* Release */,
			);
			defaultConfigurationIsVisible = 0;
			defaultConfigurationName = Release;
		};
		C904321221E871A500B99942 /* Build configuration list for PBXNativeTarget "CoreKit" */ = {
			isa = XCConfigurationList;
			buildConfigurations = (
				C904321321E871A500B99942 /* Debug */,
				C904321421E871A500B99942 /* Release */,
			);
			defaultConfigurationIsVisible = 0;
			defaultConfigurationName = Release;
		};
/* End XCConfigurationList section */
	};
	rootObject = C90431F821E871A300B99942 /* Project object */;
}
